
Microsoft Visual Studio Solution File, Format Version 12.00
# Visual Studio Version 16
VisualStudioVersion = 16.0.31105.61
MinimumVisualStudioVersion = 10.0.40219.1
Project("{9A19103F-16F7-4668-BE54-9A1E7A4F7556}") = "WebStore", "WebStore\WebStore.csproj", "{FAF5BB2E-D861-446C-883C-04C92B10211C}"
EndProject
Project("{FAE04EC0-301F-11D3-BF4B-00C04F79EFBC}") = "WebStore.Domain", "WebStore.Domain\WebStore.Domain.csproj", "{DAD0F459-9268-4634-8D06-34726616DBEF}"
EndProject
Global
	GlobalSection(SolutionConfigurationPlatforms) = preSolution
		Debug|Any CPU = Debug|Any CPU
		Release|Any CPU = Release|Any CPU
	EndGlobalSection
	GlobalSection(ProjectConfigurationPlatforms) = postSolution
		{FAF5BB2E-D861-446C-883C-04C92B10211C}.Debug|Any CPU.ActiveCfg = Debug|Any CPU
		{FAF5BB2E-D861-446C-883C-04C92B10211C}.Debug|Any CPU.Build.0 = Debug|Any CPU
		{FAF5BB2E-D861-446C-883C-04C92B10211C}.Release|Any CPU.ActiveCfg = Release|Any CPU
		{FAF5BB2E-D861-446C-883C-04C92B10211C}.Release|Any CPU.Build.0 = Release|Any CPU
		{DAD0F459-9268-4634-8D06-34726616DBEF}.Debug|Any CPU.ActiveCfg = Debug|Any CPU
		{DAD0F459-9268-4634-8D06-34726616DBEF}.Debug|Any CPU.Build.0 = Debug|Any CPU
		{DAD0F459-9268-4634-8D06-34726616DBEF}.Release|Any CPU.ActiveCfg = Release|Any CPU
		{DAD0F459-9268-4634-8D06-34726616DBEF}.Release|Any CPU.Build.0 = Release|Any CPU
	EndGlobalSection
	GlobalSection(SolutionProperties) = preSolution
		HideSolutionNode = FALSE
	EndGlobalSection
	GlobalSection(ExtensibilityGlobals) = postSolution
		SolutionGuid = {AF0FF48D-E3EB-44EA-A049-EBD55FFDF23E}
	EndGlobalSection
EndGlobal
